
Microsoft Visual Studio Solution File, Format Version 12.00
Project("{2150E333-8FDC-42A3-9474-1A3956D46DE8}") = "Bootstrapper", "Bootstrapper", "{2D3CBAD6-CE03-4C25-B596-EC0D93331BD3}"
EndProject
Project("{2150E333-8FDC-42A3-9474-1A3956D46DE8}") = "Modules", "Modules", "{2704EB66-D1C9-47CC-9566-AB18CE862790}"
EndProject
Project("{2150E333-8FDC-42A3-9474-1A3956D46DE8}") = "Shared", "Shared", "{B3DFAA83-3C4B-479F-9C97-492D7DDD6DF0}"
EndProject
Project("{FAE04EC0-301F-11D3-BF4B-00C04F79EFBC}") = "Api", "src\Bootstrapper\Api\Api.csproj", "{A1C60150-3131-449B-AF5C-A29C99D56B0B}"
EndProject
Project("{2150E333-8FDC-42A3-9474-1A3956D46DE8}") = "Solution Items", "Solution Items", "{07F8C77F-1108-4A42-B04B-F09307AA421C}"
	ProjectSection(SolutionItems) = preProject
		compose.yaml = compose.yaml
	EndProjectSection
EndProject
Project("{2150E333-8FDC-42A3-9474-1A3956D46DE8}") = "Basket", "Basket", "{A1254542-B9BE-492D-9CD7-7E68293D5234}"
EndProject
Project("{2150E333-8FDC-42A3-9474-1A3956D46DE8}") = "Catalog", "Catalog", "{F8CA9309-F147-49CC-87A1-6274C0AC3BC9}"
EndProject
Project("{2150E333-8FDC-42A3-9474-1A3956D46DE8}") = "Ordering", "Ordering", "{57BAE961-D7F4-4C0B-BBB8-BAAF22B14068}"
EndProject
Project("{FAE04EC0-301F-11D3-BF4B-00C04F79EFBC}") = "Basket", "src\Modules\Basket\Basket.csproj", "{C2D6B4E8-CCFD-49B6-B268-E0DA26268081}"
EndProject
Project("{FAE04EC0-301F-11D3-BF4B-00C04F79EFBC}") = "Catalog", "src\Modules\Catalog\Catalog.csproj", "{B765748C-B842-440C-990A-382D0B79DADD}"
EndProject
Project("{FAE04EC0-301F-11D3-BF4B-00C04F79EFBC}") = "Ordering", "src\Modules\Ordering\Ordering.csproj", "{5DC46D7A-FDC9-4329-A0AC-2CDF9B46B53B}"
EndProject
Project("{FAE04EC0-301F-11D3-BF4B-00C04F79EFBC}") = "Shared", "src\Shared\Shared\Shared.csproj", "{CA709F97-0751-4415-B029-9D16906A6E46}"
EndProject
Global
	GlobalSection(SolutionConfigurationPlatforms) = preSolution
		Debug|Any CPU = Debug|Any CPU
		Release|Any CPU = Release|Any CPU
	EndGlobalSection
	GlobalSection(NestedProjects) = preSolution
		{A1C60150-3131-449B-AF5C-A29C99D56B0B} = {2D3CBAD6-CE03-4C25-B596-EC0D93331BD3}
		{A1254542-B9BE-492D-9CD7-7E68293D5234} = {2704EB66-D1C9-47CC-9566-AB18CE862790}
		{F8CA9309-F147-49CC-87A1-6274C0AC3BC9} = {2704EB66-D1C9-47CC-9566-AB18CE862790}
		{57BAE961-D7F4-4C0B-BBB8-BAAF22B14068} = {2704EB66-D1C9-47CC-9566-AB18CE862790}
		{C2D6B4E8-CCFD-49B6-B268-E0DA26268081} = {A1254542-B9BE-492D-9CD7-7E68293D5234}
		{B765748C-B842-440C-990A-382D0B79DADD} = {F8CA9309-F147-49CC-87A1-6274C0AC3BC9}
		{5DC46D7A-FDC9-4329-A0AC-2CDF9B46B53B} = {57BAE961-D7F4-4C0B-BBB8-BAAF22B14068}
		{CA709F97-0751-4415-B029-9D16906A6E46} = {B3DFAA83-3C4B-479F-9C97-492D7DDD6DF0}
	EndGlobalSection
	GlobalSection(ProjectConfigurationPlatforms) = postSolution
		{A1C60150-3131-449B-AF5C-A29C99D56B0B}.Debug|Any CPU.ActiveCfg = Debug|Any CPU
		{A1C60150-3131-449B-AF5C-A29C99D56B0B}.Debug|Any CPU.Build.0 = Debug|Any CPU
		{A1C60150-3131-449B-AF5C-A29C99D56B0B}.Release|Any CPU.ActiveCfg = Release|Any CPU
		{A1C60150-3131-449B-AF5C-A29C99D56B0B}.Release|Any CPU.Build.0 = Release|Any CPU
		{C2D6B4E8-CCFD-49B6-B268-E0DA26268081}.Debug|Any CPU.ActiveCfg = Debug|Any CPU
		{C2D6B4E8-CCFD-49B6-B268-E0DA26268081}.Debug|Any CPU.Build.0 = Debug|Any CPU
		{C2D6B4E8-CCFD-49B6-B268-E0DA26268081}.Release|Any CPU.ActiveCfg = Release|Any CPU
		{C2D6B4E8-CCFD-49B6-B268-E0DA26268081}.Release|Any CPU.Build.0 = Release|Any CPU
		{B765748C-B842-440C-990A-382D0B79DADD}.Debug|Any CPU.ActiveCfg = Debug|Any CPU
		{B765748C-B842-440C-990A-382D0B79DADD}.Debug|Any CPU.Build.0 = Debug|Any CPU
		{B765748C-B842-440C-990A-382D0B79DADD}.Release|Any CPU.ActiveCfg = Release|Any CPU
		{B765748C-B842-440C-990A-382D0B79DADD}.Release|Any CPU.Build.0 = Release|Any CPU
		{5DC46D7A-FDC9-4329-A0AC-2CDF9B46B53B}.Debug|Any CPU.ActiveCfg = Debug|Any CPU
		{5DC46D7A-FDC9-4329-A0AC-2CDF9B46B53B}.Debug|Any CPU.Build.0 = Debug|Any CPU
		{5DC46D7A-FDC9-4329-A0AC-2CDF9B46B53B}.Release|Any CPU.ActiveCfg = Release|Any CPU
		{5DC46D7A-FDC9-4329-A0AC-2CDF9B46B53B}.Release|Any CPU.Build.0 = Release|Any CPU
		{CA709F97-0751-4415-B029-9D16906A6E46}.Debug|Any CPU.ActiveCfg = Debug|Any CPU
		{CA709F97-0751-4415-B029-9D16906A6E46}.Debug|Any CPU.Build.0 = Debug|Any CPU
		{CA709F97-0751-4415-B029-9D16906A6E46}.Release|Any CPU.ActiveCfg = Release|Any CPU
		{CA709F97-0751-4415-B029-9D16906A6E46}.Release|Any CPU.Build.0 = Release|Any CPU
	EndGlobalSection
EndGlobal
